
Microsoft Visual Studio Solution File, Format Version 12.00
# Visual Studio 15
VisualStudioVersion = 15.0.27130.2010
MinimumVisualStudioVersion = 10.0.40219.1
Project("{8BC9CEB8-8B4A-11D0-8D11-00A0C91BC942}") = "ch5-3q2", "ch5-3q2\ch5-3q2.vcxproj", "{A9FFA70D-7875-4CB2-9E50-8914F5539D8D}"
EndProject
Global
	GlobalSection(SolutionConfigurationPlatforms) = preSolution
		Debug|x64 = Debug|x64
		Debug|x86 = Debug|x86
		Release|x64 = Release|x64
		Release|x86 = Release|x86
	EndGlobalSection
	GlobalSection(ProjectConfigurationPlatforms) = postSolution
		{A9FFA70D-7875-4CB2-9E50-8914F5539D8D}.Debug|x64.ActiveCfg = Debug|x64
		{A9FFA70D-7875-4CB2-9E50-8914F5539D8D}.Debug|x64.Build.0 = Debug|x64
		{A9FFA70D-7875-4CB2-9E50-8914F5539D8D}.Debug|x86.ActiveCfg = Debug|Win32
		{A9FFA70D-7875-4CB2-9E50-8914F5539D8D}.Debug|x86.Build.0 = Debug|Win32
		{A9FFA70D-7875-4CB2-9E50-8914F5539D8D}.Release|x64.ActiveCfg = Release|x64
		{A9FFA70D-7875-4CB2-9E50-8914F5539D8D}.Release|x64.Build.0 = Release|x64
		{A9FFA70D-7875-4CB2-9E50-8914F5539D8D}.Release|x86.ActiveCfg = Release|Win32
		{A9FFA70D-7875-4CB2-9E50-8914F5539D8D}.Release|x86.Build.0 = Release|Win32
	EndGlobalSection
	GlobalSection(SolutionProperties) = preSolution
		HideSolutionNode = FALSE
	EndGlobalSection
	GlobalSection(ExtensibilityGlobals) = postSolution
		SolutionGuid = {2F750086-3E38-41F2-84D6-E80F3F64696E}
	EndGlobalSection
EndGlobal
