
Microsoft Visual Studio Solution File, Format Version 12.00
# Visual Studio 15
VisualStudioVersion = 15.0.27130.2010
MinimumVisualStudioVersion = 10.0.40219.1
Project("{8BC9CEB8-8B4A-11D0-8D11-00A0C91BC942}") = "Ch3-7QuizQ6", "Ch3-7QuizQ6\Ch3-7QuizQ6.vcxproj", "{65C5332C-9314-4A0C-BC58-A80C1B65EB57}"
EndProject
Global
	GlobalSection(SolutionConfigurationPlatforms) = preSolution
		Debug|x64 = Debug|x64
		Debug|x86 = Debug|x86
		Release|x64 = Release|x64
		Release|x86 = Release|x86
	EndGlobalSection
	GlobalSection(ProjectConfigurationPlatforms) = postSolution
		{65C5332C-9314-4A0C-BC58-A80C1B65EB57}.Debug|x64.ActiveCfg = Debug|x64
		{65C5332C-9314-4A0C-BC58-A80C1B65EB57}.Debug|x64.Build.0 = Debug|x64
		{65C5332C-9314-4A0C-BC58-A80C1B65EB57}.Debug|x86.ActiveCfg = Debug|Win32
		{65C5332C-9314-4A0C-BC58-A80C1B65EB57}.Debug|x86.Build.0 = Debug|Win32
		{65C5332C-9314-4A0C-BC58-A80C1B65EB57}.Release|x64.ActiveCfg = Release|x64
		{65C5332C-9314-4A0C-BC58-A80C1B65EB57}.Release|x64.Build.0 = Release|x64
		{65C5332C-9314-4A0C-BC58-A80C1B65EB57}.Release|x86.ActiveCfg = Release|Win32
		{65C5332C-9314-4A0C-BC58-A80C1B65EB57}.Release|x86.Build.0 = Release|Win32
	EndGlobalSection
	GlobalSection(SolutionProperties) = preSolution
		HideSolutionNode = FALSE
	EndGlobalSection
	GlobalSection(ExtensibilityGlobals) = postSolution
		SolutionGuid = {C4EA8D0E-EB36-481E-8FFE-D067FE2DA947}
	EndGlobalSection
EndGlobal
